
Microsoft Visual Studio Solution File, Format Version 12.00
# Visual Studio Version 17
VisualStudioVersion = 17.5.33530.505
MinimumVisualStudioVersion = 10.0.40219.1
Project("{FAE04EC0-301F-11D3-BF4B-00C04F79EFBC}") = "SolrTesting", "SolrTesting\SolrTesting.csproj", "{1AE9E867-3CB9-4A32-B6C5-7DA039337F75}"
EndProject
Global
	GlobalSection(SolutionConfigurationPlatforms) = preSolution
		Debug|Any CPU = Debug|Any CPU
		Release|Any CPU = Release|Any CPU
	EndGlobalSection
	GlobalSection(ProjectConfigurationPlatforms) = postSolution
		{1AE9E867-3CB9-4A32-B6C5-7DA039337F75}.Debug|Any CPU.ActiveCfg = Debug|Any CPU
		{1AE9E867-3CB9-4A32-B6C5-7DA039337F75}.Debug|Any CPU.Build.0 = Debug|Any CPU
		{1AE9E867-3CB9-4A32-B6C5-7DA039337F75}.Release|Any CPU.ActiveCfg = Release|Any CPU
		{1AE9E867-3CB9-4A32-B6C5-7DA039337F75}.Release|Any CPU.Build.0 = Release|Any CPU
	EndGlobalSection
	GlobalSection(SolutionProperties) = preSolution
		HideSolutionNode = FALSE
	EndGlobalSection
	GlobalSection(ExtensibilityGlobals) = postSolution
		SolutionGuid = {880D39DB-A9F2-4CDC-998D-35AAD43A1653}
	EndGlobalSection
EndGlobal
