
Microsoft Visual Studio Solution File, Format Version 12.00
# Visual Studio Version 17
VisualStudioVersion = 17.4.33213.308
MinimumVisualStudioVersion = 10.0.40219.1
Project("{FAE04EC0-301F-11D3-BF4B-00C04F79EFBC}") = "ElasticsearchTesting", "ElasticsearchTesting\ElasticsearchTesting.csproj", "{65F656B5-9FC3-4FB4-8CC0-6A5AEBF2CB28}"
EndProject
Global
	GlobalSection(SolutionConfigurationPlatforms) = preSolution
		Debug|Any CPU = Debug|Any CPU
		Release|Any CPU = Release|Any CPU
	EndGlobalSection
	GlobalSection(ProjectConfigurationPlatforms) = postSolution
		{65F656B5-9FC3-4FB4-8CC0-6A5AEBF2CB28}.Debug|Any CPU.ActiveCfg = Debug|Any CPU
		{65F656B5-9FC3-4FB4-8CC0-6A5AEBF2CB28}.Debug|Any CPU.Build.0 = Debug|Any CPU
		{65F656B5-9FC3-4FB4-8CC0-6A5AEBF2CB28}.Release|Any CPU.ActiveCfg = Release|Any CPU
		{65F656B5-9FC3-4FB4-8CC0-6A5AEBF2CB28}.Release|Any CPU.Build.0 = Release|Any CPU
	EndGlobalSection
	GlobalSection(SolutionProperties) = preSolution
		HideSolutionNode = FALSE
	EndGlobalSection
	GlobalSection(ExtensibilityGlobals) = postSolution
		SolutionGuid = {78203124-5B55-41E5-9A85-1DB2BE8C1D53}
	EndGlobalSection
EndGlobal
